// !$*UTF8*$!
{
	archiveVersion = 1;
	classes = {
	};
	objectVersion = 46;
	objects = {

/* Begin PBXBuildFile section */
		3EAB2FF803296F479D9196CD /* libPods-Instalker.a in Frameworks */ = {isa = PBXBuildFile; fileRef = 44FA682704BEC5A4A84A8585 /* libPods-Instalker.a */; };
		4C0981981C7C99C000CB1B6E /* eye-icon.png in Resources */ = {isa = PBXBuildFile; fileRef = 4C0981841C7C99C000CB1B6E /* eye-icon.png */; };
		4C0981991C7C99C000CB1B6E /* eye-icon@2x.png in Resources */ = {isa = PBXBuildFile; fileRef = 4C0981851C7C99C000CB1B6E /* eye-icon@2x.png */; };
		4C09819A1C7C99C000CB1B6E /* features-icon-selected.png in Resources */ = {isa = PBXBuildFile; fileRef = 4C0981861C7C99C000CB1B6E /* features-icon-selected.png */; };
		4C09819B1C7C99C000CB1B6E /* features-icon-selected@2x.png in Resources */ = {isa = PBXBuildFile; fileRef = 4C0981871C7C99C000CB1B6E /* features-icon-selected@2x.png */; };
		4C09819C1C7C99C000CB1B6E /* features-icon-selected@3x.png in Resources */ = {isa = PBXBuildFile; fileRef = 4C0981881C7C99C000CB1B6E /* features-icon-selected@3x.png */; };
		4C09819D1C7C99C000CB1B6E /* features-icon.png in Resources */ = {isa = PBXBuildFile; fileRef = 4C0981891C7C99C000CB1B6E /* features-icon.png */; };
		4C09819E1C7C99C000CB1B6E /* features-icon@2x.png in Resources */ = {isa = PBXBuildFile; fileRef = 4C09818A1C7C99C000CB1B6E /* features-icon@2x.png */; };
		4C09819F1C7C99C000CB1B6E /* heart-icon@2.png in Resources */ = {isa = PBXBuildFile; fileRef = 4C09818B1C7C99C000CB1B6E /* heart-icon@2.png */; };
		4C0981A01C7C99C000CB1B6E /* instalker-logo-login.png in Resources */ = {isa = PBXBuildFile; fileRef = 4C09818C1C7C99C000CB1B6E /* instalker-logo-login.png */; };
		4C0981A11C7C99C000CB1B6E /* instalker-logo-login@2x.png in Resources */ = {isa = PBXBuildFile; fileRef = 4C09818D1C7C99C000CB1B6E /* instalker-logo-login@2x.png */; };
		4C0981A21C7C99C000CB1B6E /* likesRectangle.png in Resources */ = {isa = PBXBuildFile; fileRef = 4C09818E1C7C99C000CB1B6E /* likesRectangle.png */; };
		4C0981A31C7C99C000CB1B6E /* login-button.png in Resources */ = {isa = PBXBuildFile; fileRef = 4C09818F1C7C99C000CB1B6E /* login-button.png */; };
		4C0981A41C7C99C000CB1B6E /* login-button@2x.png in Resources */ = {isa = PBXBuildFile; fileRef = 4C0981901C7C99C000CB1B6E /* login-button@2x.png */; };
		4C0981A51C7C99C000CB1B6E /* myprofile-icon-grey-selected.png in Resources */ = {isa = PBXBuildFile; fileRef = 4C0981911C7C99C000CB1B6E /* myprofile-icon-grey-selected.png */; };
		4C0981A61C7C99C000CB1B6E /* myprofile-icon-grey-selected@2x.png in Resources */ = {isa = PBXBuildFile; fileRef = 4C0981921C7C99C000CB1B6E /* myprofile-icon-grey-selected@2x.png */; };
		4C0981A71C7C99C000CB1B6E /* myprofile-icon-grey-selected@3x.png in Resources */ = {isa = PBXBuildFile; fileRef = 4C0981931C7C99C000CB1B6E /* myprofile-icon-grey-selected@3x.png */; };
		4C0981A81C7C99C000CB1B6E /* myprofile-icon-grey.png in Resources */ = {isa = PBXBuildFile; fileRef = 4C0981941C7C99C000CB1B6E /* myprofile-icon-grey.png */; };
		4C0981A91C7C99C000CB1B6E /* myprofile-icon-grey@2x.png in Resources */ = {isa = PBXBuildFile; fileRef = 4C0981951C7C99C000CB1B6E /* myprofile-icon-grey@2x.png */; };
		4C0981AA1C7C99C000CB1B6E /* stalk-loading-img.png in Resources */ = {isa = PBXBuildFile; fileRef = 4C0981961C7C99C000CB1B6E /* stalk-loading-img.png */; };
		4C0981AB1C7C99C000CB1B6E /* stalk-loading-img@2x.png in Resources */ = {isa = PBXBuildFile; fileRef = 4C0981971C7C99C000CB1B6E /* stalk-loading-img@2x.png */; };
		4C0981B21C7CE52500CB1B6E /* PopUpManager.m in Sources */ = {isa = PBXBuildFile; fileRef = 4C0981B11C7CE52500CB1B6E /* PopUpManager.m */; };
		4C0EBDE61C849663002CF577 /* MediaViewController.m in Sources */ = {isa = PBXBuildFile; fileRef = 4C0EBDE51C849663002CF577 /* MediaViewController.m */; };
		4C0EBDEC1C84977C002CF577 /* MediaCollectionViewCell.m in Sources */ = {isa = PBXBuildFile; fileRef = 4C0EBDEA1C84977C002CF577 /* MediaCollectionViewCell.m */; };
		4C0EBDED1C84977C002CF577 /* MediaCollectionViewCell.xib in Resources */ = {isa = PBXBuildFile; fileRef = 4C0EBDEB1C84977C002CF577 /* MediaCollectionViewCell.xib */; };
		4C1A30181C56B8E500BF721A /* Singleton.m in Sources */ = {isa = PBXBuildFile; fileRef = 4C1A30171C56B8E500BF721A /* Singleton.m */; };
		4C1A301C1C56D0CE00BF721A /* MainViewController.m in Sources */ = {isa = PBXBuildFile; fileRef = 4C1A301B1C56D0CE00BF721A /* MainViewController.m */; };
		4C1A301E1C56D42500BF721A /* Launch Screen.storyboard in Resources */ = {isa = PBXBuildFile; fileRef = 4C1A301D1C56D42500BF721A /* Launch Screen.storyboard */; };
		4C1A30211C57E14B00BF721A /* MyProfileViewController.m in Sources */ = {isa = PBXBuildFile; fileRef = 4C1A30201C57E14B00BF721A /* MyProfileViewController.m */; };
		4C1A30241C57E1FA00BF721A /* StalkListViewController.m in Sources */ = {isa = PBXBuildFile; fileRef = 4C1A30231C57E1FA00BF721A /* StalkListViewController.m */; };
		4C1A30271C57E21400BF721A /* FeaturesViewController.m in Sources */ = {isa = PBXBuildFile; fileRef = 4C1A30261C57E21400BF721A /* FeaturesViewController.m */; };
		4C1A302D1C57E24100BF721A /* StalkProfileViewController.m in Sources */ = {isa = PBXBuildFile; fileRef = 4C1A302C1C57E24100BF721A /* StalkProfileViewController.m */; };
		4C1A30311C58111F00BF721A /* ServiceManager.m in Sources */ = {isa = PBXBuildFile; fileRef = 4C1A30301C58111F00BF721A /* ServiceManager.m */; };
		4C1D3E221C5D738100979F16 /* AsyncImageView.m in Sources */ = {isa = PBXBuildFile; fileRef = 4C1D3E211C5D738100979F16 /* AsyncImageView.m */; };
		4C1D3E2C1C5D7F5E00979F16 /* UserLikeTableViewCell.m in Sources */ = {isa = PBXBuildFile; fileRef = 4C1D3E2B1C5D7F5E00979F16 /* UserLikeTableViewCell.m */; };
		4C1E92571C54257000237AF0 /* main.m in Sources */ = {isa = PBXBuildFile; fileRef = 4C1E92561C54257000237AF0 /* main.m */; };
		4C1E925A1C54257000237AF0 /* AppDelegate.m in Sources */ = {isa = PBXBuildFile; fileRef = 4C1E92591C54257000237AF0 /* AppDelegate.m */; };
		4C1E925D1C54257000237AF0 /* ViewController.m in Sources */ = {isa = PBXBuildFile; fileRef = 4C1E925C1C54257000237AF0 /* ViewController.m */; };
		4C1E92601C54257000237AF0 /* Main.storyboard in Resources */ = {isa = PBXBuildFile; fileRef = 4C1E925E1C54257000237AF0 /* Main.storyboard */; };
		4C1E92621C54257000237AF0 /* Assets.xcassets in Resources */ = {isa = PBXBuildFile; fileRef = 4C1E92611C54257000237AF0 /* Assets.xcassets */; };
		4C3324151C8CE985007250A8 /* InstagramFailModel.m in Sources */ = {isa = PBXBuildFile; fileRef = 4C3324121C8CE985007250A8 /* InstagramFailModel.m */; };
		4C3324161C8CE985007250A8 /* Meta.m in Sources */ = {isa = PBXBuildFile; fileRef = 4C3324141C8CE985007250A8 /* Meta.m */; };
		4C3A2DAE1C7D133E005C00B3 /* Default-568h.png in Resources */ = {isa = PBXBuildFile; fileRef = 4C3A2DAD1C7D133E005C00B3 /* Default-568h.png */; };
		4C51E42C1C7D09F100443F8E /* LoadingViewController.m in Sources */ = {isa = PBXBuildFile; fileRef = 4C51E42B1C7D09F100443F8E /* LoadingViewController.m */; };
		4C53AADA1C5BA87100C76907 /* UserLikeCountModel.m in Sources */ = {isa = PBXBuildFile; fileRef = 4C53AAD91C5BA87100C76907 /* UserLikeCountModel.m */; };
		4C6708281C7A0CD80077DC58 /* UIButton.swift in Sources */ = {isa = PBXBuildFile; fileRef = 4C6708271C7A0CD80077DC58 /* UIButton.swift */; };
		4C67082C1C7A1B0B0077DC58 /* StatsProfileView.m in Sources */ = {isa = PBXBuildFile; fileRef = 4C67082B1C7A1B0B0077DC58 /* StatsProfileView.m */; };
		4C6708301C7A354C0077DC58 /* StatsModel.m in Sources */ = {isa = PBXBuildFile; fileRef = 4C67082F1C7A354C0077DC58 /* StatsModel.m */; };
		4C71C96C1C84D04C003F59A4 /* BigImageViewController.m in Sources */ = {isa = PBXBuildFile; fileRef = 4C71C96A1C84D04C003F59A4 /* BigImageViewController.m */; };
		4C71C96D1C84D04C003F59A4 /* BigImageViewController.xib in Resources */ = {isa = PBXBuildFile; fileRef = 4C71C96B1C84D04C003F59A4 /* BigImageViewController.xib */; };
		4C7A3F7F1C7E5F0F00DC88B2 /* stalk-icon-selected.png in Resources */ = {isa = PBXBuildFile; fileRef = 4C7A3F7A1C7E5F0F00DC88B2 /* stalk-icon-selected.png */; };
		4C7A3F801C7E5F0F00DC88B2 /* stalk-icon-selected@2x.png in Resources */ = {isa = PBXBuildFile; fileRef = 4C7A3F7B1C7E5F0F00DC88B2 /* stalk-icon-selected@2x.png */; };
		4C7A3F811C7E5F0F00DC88B2 /* stalk-icon-selected@3x.png in Resources */ = {isa = PBXBuildFile; fileRef = 4C7A3F7C1C7E5F0F00DC88B2 /* stalk-icon-selected@3x.png */; };
		4C7A3F821C7E5F0F00DC88B2 /* stalk-icon.png in Resources */ = {isa = PBXBuildFile; fileRef = 4C7A3F7D1C7E5F0F00DC88B2 /* stalk-icon.png */; };
		4C7A3F831C7E5F0F00DC88B2 /* stalk-icon@2x.png in Resources */ = {isa = PBXBuildFile; fileRef = 4C7A3F7E1C7E5F0F00DC88B2 /* stalk-icon@2x.png */; };
		4C7A3F861C7E626B00DC88B2 /* InstalkerTabBarViewController.m in Sources */ = {isa = PBXBuildFile; fileRef = 4C7A3F851C7E626B00DC88B2 /* InstalkerTabBarViewController.m */; };
		4C92F8BE1C7CEB30006E8A37 /* eye-icon-white.png in Resources */ = {isa = PBXBuildFile; fileRef = 4C92F8B51C7CEB30006E8A37 /* eye-icon-white.png */; };
		4C92F8BF1C7CEB30006E8A37 /* eye-icon-white@2x.png in Resources */ = {isa = PBXBuildFile; fileRef = 4C92F8B61C7CEB30006E8A37 /* eye-icon-white@2x.png */; };
		4C92F8C01C7CEB30006E8A37 /* eye-icon-white@3x.png in Resources */ = {isa = PBXBuildFile; fileRef = 4C92F8B71C7CEB30006E8A37 /* eye-icon-white@3x.png */; };
		4C92F8C11C7CEB30006E8A37 /* inner-eye.png in Resources */ = {isa = PBXBuildFile; fileRef = 4C92F8B81C7CEB30006E8A37 /* inner-eye.png */; };
		4C92F8C21C7CEB30006E8A37 /* inner-eye@2x.png in Resources */ = {isa = PBXBuildFile; fileRef = 4C92F8B91C7CEB30006E8A37 /* inner-eye@2x.png */; };
		4C92F8C31C7CEB30006E8A37 /* inner-eye@3x.png in Resources */ = {isa = PBXBuildFile; fileRef = 4C92F8BA1C7CEB30006E8A37 /* inner-eye@3x.png */; };
		4C92F8C41C7CEB30006E8A37 /* outer-eye.png in Resources */ = {isa = PBXBuildFile; fileRef = 4C92F8BB1C7CEB30006E8A37 /* outer-eye.png */; };
		4C92F8C51C7CEB30006E8A37 /* outer-eye@2x.png in Resources */ = {isa = PBXBuildFile; fileRef = 4C92F8BC1C7CEB30006E8A37 /* outer-eye@2x.png */; };
		4C92F8C61C7CEB30006E8A37 /* outer-eye@3x.png in Resources */ = {isa = PBXBuildFile; fileRef = 4C92F8BD1C7CEB30006E8A37 /* outer-eye@3x.png */; };
		4C92F8C81C7CEE23006E8A37 /* UIImageView.swift in Sources */ = {isa = PBXBuildFile; fileRef = 4C92F8C71C7CEE23006E8A37 /* UIImageView.swift */; };
		4C92F8CC1C7CEFDB006E8A37 /* dot.png in Resources */ = {isa = PBXBuildFile; fileRef = 4C92F8C91C7CEFDB006E8A37 /* dot.png */; };
		4C92F8CD1C7CEFDB006E8A37 /* dot@2x.png in Resources */ = {isa = PBXBuildFile; fileRef = 4C92F8CA1C7CEFDB006E8A37 /* dot@2x.png */; };
		4C92F8CE1C7CEFDB006E8A37 /* dot@3x.png in Resources */ = {isa = PBXBuildFile; fileRef = 4C92F8CB1C7CEFDB006E8A37 /* dot@3x.png */; };
		4CC785061C75487A0029C17C /* UIView.swift in Sources */ = {isa = PBXBuildFile; fileRef = 4CC785051C75487A0029C17C /* UIView.swift */; };
		4CC785081C754A650029C17C /* UILabel.swift in Sources */ = {isa = PBXBuildFile; fileRef = 4CC785071C754A650029C17C /* UILabel.swift */; };
		4CC9153C1C7B3BAF00FCBFD8 /* SearchTableViewCell.m in Sources */ = {isa = PBXBuildFile; fileRef = 4CC9153B1C7B3BAF00FCBFD8 /* SearchTableViewCell.m */; };
/* End PBXBuildFile section */

/* Begin PBXFileReference section */
		44FA682704BEC5A4A84A8585 /* libPods-Instalker.a */ = {isa = PBXFileReference; explicitFileType = archive.ar; includeInIndex = 0; path = "libPods-Instalker.a"; sourceTree = BUILT_PRODUCTS_DIR; };
		4C0981841C7C99C000CB1B6E /* eye-icon.png */ = {isa = PBXFileReference; lastKnownFileType = image.png; path = "eye-icon.png"; sourceTree = "<group>"; };
		4C0981851C7C99C000CB1B6E /* eye-icon@2x.png */ = {isa = PBXFileReference; lastKnownFileType = image.png; path = "eye-icon@2x.png"; sourceTree = "<group>"; };
		4C0981861C7C99C000CB1B6E /* features-icon-selected.png */ = {isa = PBXFileReference; lastKnownFileType = image.png; path = "features-icon-selected.png"; sourceTree = "<group>"; };
		4C0981871C7C99C000CB1B6E /* features-icon-selected@2x.png */ = {isa = PBXFileReference; lastKnownFileType = image.png; path = "features-icon-selected@2x.png"; sourceTree = "<group>"; };
		4C0981881C7C99C000CB1B6E /* features-icon-selected@3x.png */ = {isa = PBXFileReference; lastKnownFileType = image.png; path = "features-icon-selected@3x.png"; sourceTree = "<group>"; };
		4C0981891C7C99C000CB1B6E /* features-icon.png */ = {isa = PBXFileReference; lastKnownFileType = image.png; path = "features-icon.png"; sourceTree = "<group>"; };
		4C09818A1C7C99C000CB1B6E /* features-icon@2x.png */ = {isa = PBXFileReference; lastKnownFileType = image.png; path = "features-icon@2x.png"; sourceTree = "<group>"; };
		4C09818B1C7C99C000CB1B6E /* heart-icon@2.png */ = {isa = PBXFileReference; lastKnownFileType = image.png; path = "heart-icon@2.png"; sourceTree = "<group>"; };
		4C09818C1C7C99C000CB1B6E /* instalker-logo-login.png */ = {isa = PBXFileReference; lastKnownFileType = image.png; path = "instalker-logo-login.png"; sourceTree = "<group>"; };
		4C09818D1C7C99C000CB1B6E /* instalker-logo-login@2x.png */ = {isa = PBXFileReference; lastKnownFileType = image.png; path = "instalker-logo-login@2x.png"; sourceTree = "<group>"; };
		4C09818E1C7C99C000CB1B6E /* likesRectangle.png */ = {isa = PBXFileReference; lastKnownFileType = image.png; path = likesRectangle.png; sourceTree = "<group>"; };
		4C09818F1C7C99C000CB1B6E /* login-button.png */ = {isa = PBXFileReference; lastKnownFileType = image.png; path = "login-button.png"; sourceTree = "<group>"; };
		4C0981901C7C99C000CB1B6E /* login-button@2x.png */ = {isa = PBXFileReference; lastKnownFileType = image.png; path = "login-button@2x.png"; sourceTree = "<group>"; };
		4C0981911C7C99C000CB1B6E /* myprofile-icon-grey-selected.png */ = {isa = PBXFileReference; lastKnownFileType = image.png; path = "myprofile-icon-grey-selected.png"; sourceTree = "<group>"; };
		4C0981921C7C99C000CB1B6E /* myprofile-icon-grey-selected@2x.png */ = {isa = PBXFileReference; lastKnownFileType = image.png; path = "myprofile-icon-grey-selected@2x.png"; sourceTree = "<group>"; };
		4C0981931C7C99C000CB1B6E /* myprofile-icon-grey-selected@3x.png */ = {isa = PBXFileReference; lastKnownFileType = image.png; path = "myprofile-icon-grey-selected@3x.png"; sourceTree = "<group>"; };
		4C0981941C7C99C000CB1B6E /* myprofile-icon-grey.png */ = {isa = PBXFileReference; lastKnownFileType = image.png; path = "myprofile-icon-grey.png"; sourceTree = "<group>"; };
		4C0981951C7C99C000CB1B6E /* myprofile-icon-grey@2x.png */ = {isa = PBXFileReference; lastKnownFileType = image.png; path = "myprofile-icon-grey@2x.png"; sourceTree = "<group>"; };
		4C0981961C7C99C000CB1B6E /* stalk-loading-img.png */ = {isa = PBXFileReference; lastKnownFileType = image.png; path = "stalk-loading-img.png"; sourceTree = "<group>"; };
		4C0981971C7C99C000CB1B6E /* stalk-loading-img@2x.png */ = {isa = PBXFileReference; lastKnownFileType = image.png; path = "stalk-loading-img@2x.png"; sourceTree = "<group>"; };
		4C0981B01C7CE52500CB1B6E /* PopUpManager.h */ = {isa = PBXFileReference; fileEncoding = 4; lastKnownFileType = sourcecode.c.h; path = PopUpManager.h; sourceTree = "<group>"; };
		4C0981B11C7CE52500CB1B6E /* PopUpManager.m */ = {isa = PBXFileReference; fileEncoding = 4; lastKnownFileType = sourcecode.c.objc; path = PopUpManager.m; sourceTree = "<group>"; };
		4C0EBDE41C849663002CF577 /* MediaViewController.h */ = {isa = PBXFileReference; fileEncoding = 4; lastKnownFileType = sourcecode.c.h; path = MediaViewController.h; sourceTree = "<group>"; };
		4C0EBDE51C849663002CF577 /* MediaViewController.m */ = {isa = PBXFileReference; fileEncoding = 4; lastKnownFileType = sourcecode.c.objc; path = MediaViewController.m; sourceTree = "<group>"; };
		4C0EBDE91C84977C002CF577 /* MediaCollectionViewCell.h */ = {isa = PBXFileReference; fileEncoding = 4; lastKnownFileType = sourcecode.c.h; path = MediaCollectionViewCell.h; sourceTree = "<group>"; };
		4C0EBDEA1C84977C002CF577 /* MediaCollectionViewCell.m */ = {isa = PBXFileReference; fileEncoding = 4; lastKnownFileType = sourcecode.c.objc; path = MediaCollectionViewCell.m; sourceTree = "<group>"; };
		4C0EBDEB1C84977C002CF577 /* MediaCollectionViewCell.xib */ = {isa = PBXFileReference; fileEncoding = 4; lastKnownFileType = file.xib; path = MediaCollectionViewCell.xib; sourceTree = "<group>"; };
		4C1A30161C56B8E500BF721A /* Singleton.h */ = {isa = PBXFileReference; fileEncoding = 4; lastKnownFileType = sourcecode.c.h; path = Singleton.h; sourceTree = "<group>"; };
		4C1A30171C56B8E500BF721A /* Singleton.m */ = {isa = PBXFileReference; fileEncoding = 4; lastKnownFileType = sourcecode.c.objc; path = Singleton.m; sourceTree = "<group>"; };
		4C1A30191C56BB2300BF721A /* PrefixHeader.pch */ = {isa = PBXFileReference; fileEncoding = 4; lastKnownFileType = sourcecode.c.h; name = PrefixHeader.pch; path = Instalker/PrefixHeader.pch; sourceTree = SOURCE_ROOT; };
		4C1A301A1C56D0CE00BF721A /* MainViewController.h */ = {isa = PBXFileReference; fileEncoding = 4; lastKnownFileType = sourcecode.c.h; path = MainViewController.h; sourceTree = "<group>"; };
		4C1A301B1C56D0CE00BF721A /* MainViewController.m */ = {isa = PBXFileReference; fileEncoding = 4; lastKnownFileType = sourcecode.c.objc; path = MainViewController.m; sourceTree = "<group>"; };
		4C1A301D1C56D42500BF721A /* Launch Screen.storyboard */ = {isa = PBXFileReference; fileEncoding = 4; lastKnownFileType = file.storyboard; path = "Launch Screen.storyboard"; sourceTree = "<group>"; };
		4C1A301F1C57E14B00BF721A /* MyProfileViewController.h */ = {isa = PBXFileReference; fileEncoding = 4; lastKnownFileType = sourcecode.c.h; path = MyProfileViewController.h; sourceTree = "<group>"; };
		4C1A30201C57E14B00BF721A /* MyProfileViewController.m */ = {isa = PBXFileReference; fileEncoding = 4; lastKnownFileType = sourcecode.c.objc; path = MyProfileViewController.m; sourceTree = "<group>"; };
		4C1A30221C57E1FA00BF721A /* StalkListViewController.h */ = {isa = PBXFileReference; fileEncoding = 4; lastKnownFileType = sourcecode.c.h; path = StalkListViewController.h; sourceTree = "<group>"; };
		4C1A30231C57E1FA00BF721A /* StalkListViewController.m */ = {isa = PBXFileReference; fileEncoding = 4; lastKnownFileType = sourcecode.c.objc; path = StalkListViewController.m; sourceTree = "<group>"; };
		4C1A30251C57E21400BF721A /* FeaturesViewController.h */ = {isa = PBXFileReference; fileEncoding = 4; lastKnownFileType = sourcecode.c.h; path = FeaturesViewController.h; sourceTree = "<group>"; };
		4C1A30261C57E21400BF721A /* FeaturesViewController.m */ = {isa = PBXFileReference; fileEncoding = 4; lastKnownFileType = sourcecode.c.objc; path = FeaturesViewController.m; sourceTree = "<group>"; };
		4C1A302B1C57E24100BF721A /* StalkProfileViewController.h */ = {isa = PBXFileReference; fileEncoding = 4; lastKnownFileType = sourcecode.c.h; path = StalkProfileViewController.h; sourceTree = "<group>"; };
		4C1A302C1C57E24100BF721A /* StalkProfileViewController.m */ = {isa = PBXFileReference; fileEncoding = 4; lastKnownFileType = sourcecode.c.objc; path = StalkProfileViewController.m; sourceTree = "<group>"; };
		4C1A302F1C58111F00BF721A /* ServiceManager.h */ = {isa = PBXFileReference; fileEncoding = 4; lastKnownFileType = sourcecode.c.h; path = ServiceManager.h; sourceTree = "<group>"; };
		4C1A30301C58111F00BF721A /* ServiceManager.m */ = {isa = PBXFileReference; fileEncoding = 4; lastKnownFileType = sourcecode.c.objc; path = ServiceManager.m; sourceTree = "<group>"; };
		4C1D3E201C5D738100979F16 /* AsyncImageView.h */ = {isa = PBXFileReference; fileEncoding = 4; lastKnownFileType = sourcecode.c.h; path = AsyncImageView.h; sourceTree = "<group>"; };
		4C1D3E211C5D738100979F16 /* AsyncImageView.m */ = {isa = PBXFileReference; fileEncoding = 4; lastKnownFileType = sourcecode.c.objc; path = AsyncImageView.m; sourceTree = "<group>"; };
		4C1D3E2A1C5D7F5E00979F16 /* UserLikeTableViewCell.h */ = {isa = PBXFileReference; fileEncoding = 4; lastKnownFileType = sourcecode.c.h; path = UserLikeTableViewCell.h; sourceTree = "<group>"; };
		4C1D3E2B1C5D7F5E00979F16 /* UserLikeTableViewCell.m */ = {isa = PBXFileReference; fileEncoding = 4; lastKnownFileType = sourcecode.c.objc; path = UserLikeTableViewCell.m; sourceTree = "<group>"; };
		4C1E92521C54257000237AF0 /* Instalker.app */ = {isa = PBXFileReference; explicitFileType = wrapper.application; includeInIndex = 0; path = Instalker.app; sourceTree = BUILT_PRODUCTS_DIR; };
		4C1E92561C54257000237AF0 /* main.m */ = {isa = PBXFileReference; lastKnownFileType = sourcecode.c.objc; path = main.m; sourceTree = "<group>"; };
		4C1E92581C54257000237AF0 /* AppDelegate.h */ = {isa = PBXFileReference; lastKnownFileType = sourcecode.c.h; path = AppDelegate.h; sourceTree = "<group>"; };
		4C1E92591C54257000237AF0 /* AppDelegate.m */ = {isa = PBXFileReference; lastKnownFileType = sourcecode.c.objc; path = AppDelegate.m; sourceTree = "<group>"; };
		4C1E925B1C54257000237AF0 /* ViewController.h */ = {isa = PBXFileReference; lastKnownFileType = sourcecode.c.h; path = ViewController.h; sourceTree = "<group>"; };
		4C1E925C1C54257000237AF0 /* ViewController.m */ = {isa = PBXFileReference; lastKnownFileType = sourcecode.c.objc; path = ViewController.m; sourceTree = "<group>"; };
		4C1E925F1C54257000237AF0 /* Base */ = {isa = PBXFileReference; lastKnownFileType = file.storyboard; name = Base; path = Base.lproj/Main.storyboard; sourceTree = "<group>"; };
		4C1E92611C54257000237AF0 /* Assets.xcassets */ = {isa = PBXFileReference; lastKnownFileType = folder.assetcatalog; path = Assets.xcassets; sourceTree = "<group>"; };
		4C1E92661C54257000237AF0 /* Info.plist */ = {isa = PBXFileReference; lastKnownFileType = text.plist.xml; path = Info.plist; sourceTree = "<group>"; };
		4C3324101C8CE985007250A8 /* DataModels.h */ = {isa = PBXFileReference; fileEncoding = 4; lastKnownFileType = sourcecode.c.h; path = DataModels.h; sourceTree = "<group>"; };
		4C3324111C8CE985007250A8 /* InstagramFailModel.h */ = {isa = PBXFileReference; fileEncoding = 4; lastKnownFileType = sourcecode.c.h; path = InstagramFailModel.h; sourceTree = "<group>"; };
		4C3324121C8CE985007250A8 /* InstagramFailModel.m */ = {isa = PBXFileReference; fileEncoding = 4; lastKnownFileType = sourcecode.c.objc; path = InstagramFailModel.m; sourceTree = "<group>"; };
		4C3324131C8CE985007250A8 /* Meta.h */ = {isa = PBXFileReference; fileEncoding = 4; lastKnownFileType = sourcecode.c.h; path = Meta.h; sourceTree = "<group>"; };
		4C3324141C8CE985007250A8 /* Meta.m */ = {isa = PBXFileReference; fileEncoding = 4; lastKnownFileType = sourcecode.c.objc; path = Meta.m; sourceTree = "<group>"; };
		4C3A2DAD1C7D133E005C00B3 /* Default-568h.png */ = {isa = PBXFileReference; lastKnownFileType = image.png; path = "Default-568h.png"; sourceTree = "<group>"; };
		4C51E42A1C7D09F100443F8E /* LoadingViewController.h */ = {isa = PBXFileReference; fileEncoding = 4; lastKnownFileType = sourcecode.c.h; path = LoadingViewController.h; sourceTree = "<group>"; };
		4C51E42B1C7D09F100443F8E /* LoadingViewController.m */ = {isa = PBXFileReference; fileEncoding = 4; lastKnownFileType = sourcecode.c.objc; path = LoadingViewController.m; sourceTree = "<group>"; };
		4C53AAD81C5BA87100C76907 /* UserLikeCountModel.h */ = {isa = PBXFileReference; fileEncoding = 4; lastKnownFileType = sourcecode.c.h; path = UserLikeCountModel.h; sourceTree = "<group>"; };
		4C53AAD91C5BA87100C76907 /* UserLikeCountModel.m */ = {isa = PBXFileReference; fileEncoding = 4; lastKnownFileType = sourcecode.c.objc; path = UserLikeCountModel.m; sourceTree = "<group>"; };
		4C6708271C7A0CD80077DC58 /* UIButton.swift */ = {isa = PBXFileReference; fileEncoding = 4; lastKnownFileType = sourcecode.swift; path = UIButton.swift; sourceTree = "<group>"; };
		4C67082A1C7A1B0B0077DC58 /* StatsProfileView.h */ = {isa = PBXFileReference; fileEncoding = 4; lastKnownFileType = sourcecode.c.h; path = StatsProfileView.h; sourceTree = "<group>"; };
		4C67082B1C7A1B0B0077DC58 /* StatsProfileView.m */ = {isa = PBXFileReference; fileEncoding = 4; lastKnownFileType = sourcecode.c.objc; path = StatsProfileView.m; sourceTree = "<group>"; };
		4C67082E1C7A354C0077DC58 /* StatsModel.h */ = {isa = PBXFileReference; fileEncoding = 4; lastKnownFileType = sourcecode.c.h; path = StatsModel.h; sourceTree = "<group>"; };
		4C67082F1C7A354C0077DC58 /* StatsModel.m */ = {isa = PBXFileReference; fileEncoding = 4; lastKnownFileType = sourcecode.c.objc; path = StatsModel.m; sourceTree = "<group>"; };
		4C6708311C7A36330077DC58 /* ModelHeader.h */ = {isa = PBXFileReference; lastKnownFileType = sourcecode.c.h; path = ModelHeader.h; sourceTree = "<group>"; };
		4C71C9691C84D04C003F59A4 /* BigImageViewController.h */ = {isa = PBXFileReference; fileEncoding = 4; lastKnownFileType = sourcecode.c.h; path = BigImageViewController.h; sourceTree = "<group>"; };
		4C71C96A1C84D04C003F59A4 /* BigImageViewController.m */ = {isa = PBXFileReference; fileEncoding = 4; lastKnownFileType = sourcecode.c.objc; path = BigImageViewController.m; sourceTree = "<group>"; };
		4C71C96B1C84D04C003F59A4 /* BigImageViewController.xib */ = {isa = PBXFileReference; fileEncoding = 4; lastKnownFileType = file.xib; path = BigImageViewController.xib; sourceTree = "<group>"; };
		4C7A3F7A1C7E5F0F00DC88B2 /* stalk-icon-selected.png */ = {isa = PBXFileReference; lastKnownFileType = image.png; path = "stalk-icon-selected.png"; sourceTree = "<group>"; };
		4C7A3F7B1C7E5F0F00DC88B2 /* stalk-icon-selected@2x.png */ = {isa = PBXFileReference; lastKnownFileType = image.png; path = "stalk-icon-selected@2x.png"; sourceTree = "<group>"; };
		4C7A3F7C1C7E5F0F00DC88B2 /* stalk-icon-selected@3x.png */ = {isa = PBXFileReference; lastKnownFileType = image.png; path = "stalk-icon-selected@3x.png"; sourceTree = "<group>"; };
		4C7A3F7D1C7E5F0F00DC88B2 /* stalk-icon.png */ = {isa = PBXFileReference; lastKnownFileType = image.png; path = "stalk-icon.png"; sourceTree = "<group>"; };
		4C7A3F7E1C7E5F0F00DC88B2 /* stalk-icon@2x.png */ = {isa = PBXFileReference; lastKnownFileType = image.png; path = "stalk-icon@2x.png"; sourceTree = "<group>"; };
		4C7A3F841C7E626B00DC88B2 /* InstalkerTabBarViewController.h */ = {isa = PBXFileReference; fileEncoding = 4; lastKnownFileType = sourcecode.c.h; path = InstalkerTabBarViewController.h; sourceTree = "<group>"; };
		4C7A3F851C7E626B00DC88B2 /* InstalkerTabBarViewController.m */ = {isa = PBXFileReference; fileEncoding = 4; lastKnownFileType = sourcecode.c.objc; path = InstalkerTabBarViewController.m; sourceTree = "<group>"; };
		4C92F8B51C7CEB30006E8A37 /* eye-icon-white.png */ = {isa = PBXFileReference; lastKnownFileType = image.png; path = "eye-icon-white.png"; sourceTree = "<group>"; };
		4C92F8B61C7CEB30006E8A37 /* eye-icon-white@2x.png */ = {isa = PBXFileReference; lastKnownFileType = image.png; path = "eye-icon-white@2x.png"; sourceTree = "<group>"; };
		4C92F8B71C7CEB30006E8A37 /* eye-icon-white@3x.png */ = {isa = PBXFileReference; lastKnownFileType = image.png; path = "eye-icon-white@3x.png"; sourceTree = "<group>"; };
		4C92F8B81C7CEB30006E8A37 /* inner-eye.png */ = {isa = PBXFileReference; lastKnownFileType = image.png; path = "inner-eye.png"; sourceTree = "<group>"; };
		4C92F8B91C7CEB30006E8A37 /* inner-eye@2x.png */ = {isa = PBXFileReference; lastKnownFileType = image.png; path = "inner-eye@2x.png"; sourceTree = "<group>"; };
		4C92F8BA1C7CEB30006E8A37 /* inner-eye@3x.png */ = {isa = PBXFileReference; lastKnownFileType = image.png; path = "inner-eye@3x.png"; sourceTree = "<group>"; };
		4C92F8BB1C7CEB30006E8A37 /* outer-eye.png */ = {isa = PBXFileReference; lastKnownFileType = image.png; path = "outer-eye.png"; sourceTree = "<group>"; };
		4C92F8BC1C7CEB30006E8A37 /* outer-eye@2x.png */ = {isa = PBXFileReference; lastKnownFileType = image.png; path = "outer-eye@2x.png"; sourceTree = "<group>"; };
		4C92F8BD1C7CEB30006E8A37 /* outer-eye@3x.png */ = {isa = PBXFileReference; lastKnownFileType = image.png; path = "outer-eye@3x.png"; sourceTree = "<group>"; };
		4C92F8C71C7CEE23006E8A37 /* UIImageView.swift */ = {isa = PBXFileReference; fileEncoding = 4; lastKnownFileType = sourcecode.swift; path = UIImageView.swift; sourceTree = "<group>"; };
		4C92F8C91C7CEFDB006E8A37 /* dot.png */ = {isa = PBXFileReference; lastKnownFileType = image.png; path = dot.png; sourceTree = "<group>"; };
		4C92F8CA1C7CEFDB006E8A37 /* dot@2x.png */ = {isa = PBXFileReference; lastKnownFileType = image.png; path = "dot@2x.png"; sourceTree = "<group>"; };
		4C92F8CB1C7CEFDB006E8A37 /* dot@3x.png */ = {isa = PBXFileReference; lastKnownFileType = image.png; path = "dot@3x.png"; sourceTree = "<group>"; };
		4CC785041C75487A0029C17C /* Instalker-Bridging-Header.h */ = {isa = PBXFileReference; lastKnownFileType = sourcecode.c.h; path = "Instalker-Bridging-Header.h"; sourceTree = "<group>"; };
		4CC785051C75487A0029C17C /* UIView.swift */ = {isa = PBXFileReference; fileEncoding = 4; lastKnownFileType = sourcecode.swift; path = UIView.swift; sourceTree = "<group>"; };
		4CC785071C754A650029C17C /* UILabel.swift */ = {isa = PBXFileReference; fileEncoding = 4; lastKnownFileType = sourcecode.swift; path = UILabel.swift; sourceTree = "<group>"; };
		4CC9153A1C7B3BAF00FCBFD8 /* SearchTableViewCell.h */ = {isa = PBXFileReference; fileEncoding = 4; lastKnownFileType = sourcecode.c.h; path = SearchTableViewCell.h; sourceTree = "<group>"; };
		4CC9153B1C7B3BAF00FCBFD8 /* SearchTableViewCell.m */ = {isa = PBXFileReference; fileEncoding = 4; lastKnownFileType = sourcecode.c.objc; path = SearchTableViewCell.m; sourceTree = "<group>"; };
		A6F03ADC76580F226A3B2C15 /* Pods-Instalker.debug.xcconfig */ = {isa = PBXFileReference; includeInIndex = 1; lastKnownFileType = text.xcconfig; name = "Pods-Instalker.debug.xcconfig"; path = "Pods/Target Support Files/Pods-Instalker/Pods-Instalker.debug.xcconfig"; sourceTree = "<group>"; };
		E196B65A2063B61F16CAC3E2 /* Pods-Instalker.release.xcconfig */ = {isa = PBXFileReference; includeInIndex = 1; lastKnownFileType = text.xcconfig; name = "Pods-Instalker.release.xcconfig"; path = "Pods/Target Support Files/Pods-Instalker/Pods-Instalker.release.xcconfig"; sourceTree = "<group>"; };
/* End PBXFileReference section */

/* Begin PBXFrameworksBuildPhase section */
		4C1E924F1C54257000237AF0 /* Frameworks */ = {
			isa = PBXFrameworksBuildPhase;
			buildActionMask = 2147483647;
			files = (
				3EAB2FF803296F479D9196CD /* libPods-Instalker.a in Frameworks */,
			);
			runOnlyForDeploymentPostprocessing = 0;
		};
/* End PBXFrameworksBuildPhase section */

/* Begin PBXGroup section */
		4C0981AE1C7CE50900CB1B6E /* Singleton */ = {
			isa = PBXGroup;
			children = (
				4C1A30161C56B8E500BF721A /* Singleton.h */,
				4C1A30171C56B8E500BF721A /* Singleton.m */,
			);
			name = Singleton;
			sourceTree = "<group>";
		};
		4C0981AF1C7CE51000CB1B6E /* PopupManager */ = {
			isa = PBXGroup;
			children = (
				4C0981B01C7CE52500CB1B6E /* PopUpManager.h */,
				4C0981B11C7CE52500CB1B6E /* PopUpManager.m */,
			);
			name = PopupManager;
			sourceTree = "<group>";
		};
		4C0EBDE71C849751002CF577 /* Tabbar */ = {
			isa = PBXGroup;
			children = (
				4C7A3F841C7E626B00DC88B2 /* InstalkerTabBarViewController.h */,
				4C7A3F851C7E626B00DC88B2 /* InstalkerTabBarViewController.m */,
			);
			name = Tabbar;
			sourceTree = "<group>";
		};
		4C0EBDE81C849759002CF577 /* CollectionViewCell */ = {
			isa = PBXGroup;
			children = (
				4C0EBDE91C84977C002CF577 /* MediaCollectionViewCell.h */,
				4C0EBDEA1C84977C002CF577 /* MediaCollectionViewCell.m */,
				4C0EBDEB1C84977C002CF577 /* MediaCollectionViewCell.xib */,
			);
			name = CollectionViewCell;
			sourceTree = "<group>";
		};
		4C1A30111C56B89400BF721A /* ViewControllers */ = {
			isa = PBXGroup;
			children = (
				4C1E925B1C54257000237AF0 /* ViewController.h */,
				4C1E925C1C54257000237AF0 /* ViewController.m */,
				4C1A301A1C56D0CE00BF721A /* MainViewController.h */,
				4C1A301B1C56D0CE00BF721A /* MainViewController.m */,
				4C1A301F1C57E14B00BF721A /* MyProfileViewController.h */,
				4C1A30201C57E14B00BF721A /* MyProfileViewController.m */,
				4C1A30221C57E1FA00BF721A /* StalkListViewController.h */,
				4C1A30231C57E1FA00BF721A /* StalkListViewController.m */,
				4C1A30251C57E21400BF721A /* FeaturesViewController.h */,
				4C1A30261C57E21400BF721A /* FeaturesViewController.m */,
				4C1A302B1C57E24100BF721A /* StalkProfileViewController.h */,
				4C1A302C1C57E24100BF721A /* StalkProfileViewController.m */,
				4C0EBDE41C849663002CF577 /* MediaViewController.h */,
				4C0EBDE51C849663002CF577 /* MediaViewController.m */,
			);
			name = ViewControllers;
			sourceTree = "<group>";
		};
		4C1A30121C56B8A600BF721A /* Models */ = {
			isa = PBXGroup;
			children = (
				4C3324101C8CE985007250A8 /* DataModels.h */,
				4C3324111C8CE985007250A8 /* InstagramFailModel.h */,
				4C3324121C8CE985007250A8 /* InstagramFailModel.m */,
				4C3324131C8CE985007250A8 /* Meta.h */,
				4C3324141C8CE985007250A8 /* Meta.m */,
				4C53AAD81C5BA87100C76907 /* UserLikeCountModel.h */,
				4C53AAD91C5BA87100C76907 /* UserLikeCountModel.m */,
				4C67082E1C7A354C0077DC58 /* StatsModel.h */,
				4C67082F1C7A354C0077DC58 /* StatsModel.m */,
				4C6708311C7A36330077DC58 /* ModelHeader.h */,
			);
			name = Models;
			sourceTree = "<group>";
		};
		4C1A30131C56B8AC00BF721A /* Service Utils */ = {
			isa = PBXGroup;
			children = (
				4C1A302F1C58111F00BF721A /* ServiceManager.h */,
				4C1A30301C58111F00BF721A /* ServiceManager.m */,
			);
			name = "Service Utils";
			sourceTree = "<group>";
		};
		4C1A30141C56B8B400BF721A /* Views */ = {
			isa = PBXGroup;
			children = (
				4C0EBDE81C849759002CF577 /* CollectionViewCell */,
				4C92F8AC1C7CE6EC006E8A37 /* LoadingPopUp */,
				4C1D3E1F1C5D738100979F16 /* AsyncImageView */,
				4C6708291C7A1AE70077DC58 /* TableViewCell */,
				4CC785001C75475F0029C17C /* Categories */,
				4C67082D1C7A1B0E0077DC58 /* ProfileStatsView */,
				4C6708351C7A710F0077DC58 /* DatePicker */,
				4CC9153D1C7B3BB600FCBFD8 /* SearchTableViewCell */,
				4C0EBDE71C849751002CF577 /* Tabbar */,
				4C71C96E1C84D051003F59A4 /* Big Image */,
			);
			name = Views;
			sourceTree = "<group>";
		};
		4C1A30151C56B8BC00BF721A /* Utils */ = {
			isa = PBXGroup;
			children = (
				4C0981AF1C7CE51000CB1B6E /* PopupManager */,
				4C0981AE1C7CE50900CB1B6E /* Singleton */,
			);
			name = Utils;
			sourceTree = "<group>";
		};
		4C1D3E1F1C5D738100979F16 /* AsyncImageView */ = {
			isa = PBXGroup;
			children = (
				4C1D3E201C5D738100979F16 /* AsyncImageView.h */,
				4C1D3E211C5D738100979F16 /* AsyncImageView.m */,
			);
			path = AsyncImageView;
			sourceTree = "<group>";
		};
		4C1E92491C54257000237AF0 = {
			isa = PBXGroup;
			children = (
				4C1E92541C54257000237AF0 /* Instalker */,
				4C1E92531C54257000237AF0 /* Products */,
				6361150C760F43851D5637A6 /* Pods */,
				9AE607828A4FE517FC4B3913 /* Frameworks */,
			);
			sourceTree = "<group>";
		};
		4C1E92531C54257000237AF0 /* Products */ = {
			isa = PBXGroup;
			children = (
				4C1E92521C54257000237AF0 /* Instalker.app */,
			);
			name = Products;
			sourceTree = "<group>";
		};
		4C1E92541C54257000237AF0 /* Instalker */ = {
			isa = PBXGroup;
			children = (
				4C1A30151C56B8BC00BF721A /* Utils */,
				4C1A30141C56B8B400BF721A /* Views */,
				4C1A30131C56B8AC00BF721A /* Service Utils */,
				4C1A30121C56B8A600BF721A /* Models */,
				4C1A30111C56B89400BF721A /* ViewControllers */,
				4C1E927B1C54F71800237AF0 /* Assets */,
				4C1A30191C56BB2300BF721A /* PrefixHeader.pch */,
				4C1E92581C54257000237AF0 /* AppDelegate.h */,
				4C1E92591C54257000237AF0 /* AppDelegate.m */,
				4C1E925E1C54257000237AF0 /* Main.storyboard */,
				4C1E92611C54257000237AF0 /* Assets.xcassets */,
				4C1E92661C54257000237AF0 /* Info.plist */,
				4C1E92551C54257000237AF0 /* Supporting Files */,
				4C1A301D1C56D42500BF721A /* Launch Screen.storyboard */,
			);
			path = Instalker;
			sourceTree = "<group>";
		};
		4C1E92551C54257000237AF0 /* Supporting Files */ = {
			isa = PBXGroup;
			children = (
				4C1E92561C54257000237AF0 /* main.m */,
			);
			name = "Supporting Files";
			sourceTree = "<group>";
		};
		4C1E927B1C54F71800237AF0 /* Assets */ = {
			isa = PBXGroup;
			children = (
				4C7A3F7A1C7E5F0F00DC88B2 /* stalk-icon-selected.png */,
				4C7A3F7B1C7E5F0F00DC88B2 /* stalk-icon-selected@2x.png */,
				4C7A3F7C1C7E5F0F00DC88B2 /* stalk-icon-selected@3x.png */,
				4C7A3F7D1C7E5F0F00DC88B2 /* stalk-icon.png */,
				4C7A3F7E1C7E5F0F00DC88B2 /* stalk-icon@2x.png */,
				4C3A2DAD1C7D133E005C00B3 /* Default-568h.png */,
				4C92F8C91C7CEFDB006E8A37 /* dot.png */,
				4C92F8CA1C7CEFDB006E8A37 /* dot@2x.png */,
				4C92F8CB1C7CEFDB006E8A37 /* dot@3x.png */,
				4C92F8B51C7CEB30006E8A37 /* eye-icon-white.png */,
				4C92F8B61C7CEB30006E8A37 /* eye-icon-white@2x.png */,
				4C92F8B71C7CEB30006E8A37 /* eye-icon-white@3x.png */,
				4C92F8B81C7CEB30006E8A37 /* inner-eye.png */,
				4C92F8B91C7CEB30006E8A37 /* inner-eye@2x.png */,
				4C92F8BA1C7CEB30006E8A37 /* inner-eye@3x.png */,
				4C92F8BC1C7CEB30006E8A37 /* outer-eye@2x.png */,
				4C92F8BD1C7CEB30006E8A37 /* outer-eye@3x.png */,
				4C0981841C7C99C000CB1B6E /* eye-icon.png */,
				4C92F8BB1C7CEB30006E8A37 /* outer-eye.png */,
				4C0981851C7C99C000CB1B6E /* eye-icon@2x.png */,
				4C0981861C7C99C000CB1B6E /* features-icon-selected.png */,
				4C0981871C7C99C000CB1B6E /* features-icon-selected@2x.png */,
				4C0981881C7C99C000CB1B6E /* features-icon-selected@3x.png */,
				4C0981891C7C99C000CB1B6E /* features-icon.png */,
				4C09818A1C7C99C000CB1B6E /* features-icon@2x.png */,
				4C09818B1C7C99C000CB1B6E /* heart-icon@2.png */,
				4C09818C1C7C99C000CB1B6E /* instalker-logo-login.png */,
				4C09818D1C7C99C000CB1B6E /* instalker-logo-login@2x.png */,
				4C09818E1C7C99C000CB1B6E /* likesRectangle.png */,
				4C09818F1C7C99C000CB1B6E /* login-button.png */,
				4C0981901C7C99C000CB1B6E /* login-button@2x.png */,
				4C0981911C7C99C000CB1B6E /* myprofile-icon-grey-selected.png */,
				4C0981921C7C99C000CB1B6E /* myprofile-icon-grey-selected@2x.png */,
				4C0981931C7C99C000CB1B6E /* myprofile-icon-grey-selected@3x.png */,
				4C0981941C7C99C000CB1B6E /* myprofile-icon-grey.png */,
				4C0981951C7C99C000CB1B6E /* myprofile-icon-grey@2x.png */,
				4C0981961C7C99C000CB1B6E /* stalk-loading-img.png */,
				4C0981971C7C99C000CB1B6E /* stalk-loading-img@2x.png */,
			);
			name = Assets;
			sourceTree = "<group>";
		};
		4C6708291C7A1AE70077DC58 /* TableViewCell */ = {
			isa = PBXGroup;
			children = (
				4C1D3E2A1C5D7F5E00979F16 /* UserLikeTableViewCell.h */,
				4C1D3E2B1C5D7F5E00979F16 /* UserLikeTableViewCell.m */,
			);
			name = TableViewCell;
			sourceTree = "<group>";
		};
		4C67082D1C7A1B0E0077DC58 /* ProfileStatsView */ = {
			isa = PBXGroup;
			children = (
				4C67082A1C7A1B0B0077DC58 /* StatsProfileView.h */,
				4C67082B1C7A1B0B0077DC58 /* StatsProfileView.m */,
			);
			name = ProfileStatsView;
			sourceTree = "<group>";
		};
		4C6708351C7A710F0077DC58 /* DatePicker */ = {
			isa = PBXGroup;
			children = (
			);
			name = DatePicker;
			sourceTree = "<group>";
		};
		4C71C96E1C84D051003F59A4 /* Big Image */ = {
			isa = PBXGroup;
			children = (
				4C71C9691C84D04C003F59A4 /* BigImageViewController.h */,
				4C71C96A1C84D04C003F59A4 /* BigImageViewController.m */,
				4C71C96B1C84D04C003F59A4 /* BigImageViewController.xib */,
			);
			name = "Big Image";
			sourceTree = "<group>";
		};
		4C92F8AC1C7CE6EC006E8A37 /* LoadingPopUp */ = {
			isa = PBXGroup;
			children = (
				4C51E42A1C7D09F100443F8E /* LoadingViewController.h */,
				4C51E42B1C7D09F100443F8E /* LoadingViewController.m */,
			);
			name = LoadingPopUp;
			sourceTree = "<group>";
		};
		4CC785001C75475F0029C17C /* Categories */ = {
			isa = PBXGroup;
			children = (
				4CC785051C75487A0029C17C /* UIView.swift */,
				4CC785041C75487A0029C17C /* Instalker-Bridging-Header.h */,
				4CC785071C754A650029C17C /* UILabel.swift */,
				4C6708271C7A0CD80077DC58 /* UIButton.swift */,
				4C92F8C71C7CEE23006E8A37 /* UIImageView.swift */,
			);
			name = Categories;
			sourceTree = "<group>";
		};
		4CC9153D1C7B3BB600FCBFD8 /* SearchTableViewCell */ = {
			isa = PBXGroup;
			children = (
				4CC9153A1C7B3BAF00FCBFD8 /* SearchTableViewCell.h */,
				4CC9153B1C7B3BAF00FCBFD8 /* SearchTableViewCell.m */,
			);
			name = SearchTableViewCell;
			sourceTree = "<group>";
		};
		6361150C760F43851D5637A6 /* Pods */ = {
			isa = PBXGroup;
			children = (
				A6F03ADC76580F226A3B2C15 /* Pods-Instalker.debug.xcconfig */,
				E196B65A2063B61F16CAC3E2 /* Pods-Instalker.release.xcconfig */,
			);
			name = Pods;
			sourceTree = "<group>";
		};
		9AE607828A4FE517FC4B3913 /* Frameworks */ = {
			isa = PBXGroup;
			children = (
				44FA682704BEC5A4A84A8585 /* libPods-Instalker.a */,
			);
			name = Frameworks;
			sourceTree = "<group>";
		};
/* End PBXGroup section */

/* Begin PBXNativeTarget section */
		4C1E92511C54257000237AF0 /* Instalker */ = {
			isa = PBXNativeTarget;
			buildConfigurationList = 4C1E92691C54257000237AF0 /* Build configuration list for PBXNativeTarget "Instalker" */;
			buildPhases = (
				961AA4A39756272705C8CB9C /* Check Pods Manifest.lock */,
				4C1E924E1C54257000237AF0 /* Sources */,
				4C1E924F1C54257000237AF0 /* Frameworks */,
				4C1E92501C54257000237AF0 /* Resources */,
				1AFD04EF3AE1F72DF0E1B8B6 /* Embed Pods Frameworks */,
				2A79F96C8BDDC36E1D155E41 /* Copy Pods Resources */,
			);
			buildRules = (
			);
			dependencies = (
			);
			name = Instalker;
			productName = Instalker;
			productReference = 4C1E92521C54257000237AF0 /* Instalker.app */;
			productType = "com.apple.product-type.application";
		};
/* End PBXNativeTarget section */

/* Begin PBXProject section */
		4C1E924A1C54257000237AF0 /* Project object */ = {
			isa = PBXProject;
			attributes = {
				LastUpgradeCheck = 0720;
				ORGANIZATIONNAME = SmartClick;
				TargetAttributes = {
					4C1E92511C54257000237AF0 = {
						CreatedOnToolsVersion = 7.2;
					};
				};
			};
			buildConfigurationList = 4C1E924D1C54257000237AF0 /* Build configuration list for PBXProject "Instalker" */;
			compatibilityVersion = "Xcode 3.2";
			developmentRegion = English;
			hasScannedForEncodings = 0;
			knownRegions = (
				en,
				Base,
			);
			mainGroup = 4C1E92491C54257000237AF0;
			productRefGroup = 4C1E92531C54257000237AF0 /* Products */;
			projectDirPath = "";
			projectRoot = "";
			targets = (
				4C1E92511C54257000237AF0 /* Instalker */,
			);
		};
/* End PBXProject section */

/* Begin PBXResourcesBuildPhase section */
		4C1E92501C54257000237AF0 /* Resources */ = {
			isa = PBXResourcesBuildPhase;
			buildActionMask = 2147483647;
			files = (
				4C0981A91C7C99C000CB1B6E /* myprofile-icon-grey@2x.png in Resources */,
				4C0EBDED1C84977C002CF577 /* MediaCollectionViewCell.xib in Resources */,
				4C0981A11C7C99C000CB1B6E /* instalker-logo-login@2x.png in Resources */,
				4C1E92621C54257000237AF0 /* Assets.xcassets in Resources */,
				4C0981A41C7C99C000CB1B6E /* login-button@2x.png in Resources */,
				4C0981A01C7C99C000CB1B6E /* instalker-logo-login.png in Resources */,
				4C0981A61C7C99C000CB1B6E /* myprofile-icon-grey-selected@2x.png in Resources */,
				4C0981A51C7C99C000CB1B6E /* myprofile-icon-grey-selected.png in Resources */,
				4C92F8C21C7CEB30006E8A37 /* inner-eye@2x.png in Resources */,
				4C92F8CC1C7CEFDB006E8A37 /* dot.png in Resources */,
				4C92F8C11C7CEB30006E8A37 /* inner-eye.png in Resources */,
				4C92F8BF1C7CEB30006E8A37 /* eye-icon-white@2x.png in Resources */,
				4C0981AB1C7C99C000CB1B6E /* stalk-loading-img@2x.png in Resources */,
				4C92F8C31C7CEB30006E8A37 /* inner-eye@3x.png in Resources */,
				4C09819C1C7C99C000CB1B6E /* features-icon-selected@3x.png in Resources */,
				4C7A3F821C7E5F0F00DC88B2 /* stalk-icon.png in Resources */,
				4C0981A21C7C99C000CB1B6E /* likesRectangle.png in Resources */,
				4C1E92601C54257000237AF0 /* Main.storyboard in Resources */,
				4C3A2DAE1C7D133E005C00B3 /* Default-568h.png in Resources */,
				4C09819B1C7C99C000CB1B6E /* features-icon-selected@2x.png in Resources */,
				4C92F8BE1C7CEB30006E8A37 /* eye-icon-white.png in Resources */,
				4C92F8CD1C7CEFDB006E8A37 /* dot@2x.png in Resources */,
				4C0981991C7C99C000CB1B6E /* eye-icon@2x.png in Resources */,
				4C71C96D1C84D04C003F59A4 /* BigImageViewController.xib in Resources */,
				4C92F8C51C7CEB30006E8A37 /* outer-eye@2x.png in Resources */,
				4C0981981C7C99C000CB1B6E /* eye-icon.png in Resources */,
				4C0981AA1C7C99C000CB1B6E /* stalk-loading-img.png in Resources */,
				4C92F8C01C7CEB30006E8A37 /* eye-icon-white@3x.png in Resources */,
				4C92F8C61C7CEB30006E8A37 /* outer-eye@3x.png in Resources */,
				4C09819E1C7C99C000CB1B6E /* features-icon@2x.png in Resources */,
				4C0981A81C7C99C000CB1B6E /* myprofile-icon-grey.png in Resources */,
				4C0981A71C7C99C000CB1B6E /* myprofile-icon-grey-selected@3x.png in Resources */,
				4C09819D1C7C99C000CB1B6E /* features-icon.png in Resources */,
				4C09819F1C7C99C000CB1B6E /* heart-icon@2.png in Resources */,
				4C1A301E1C56D42500BF721A /* Launch Screen.storyboard in Resources */,
				4C7A3F811C7E5F0F00DC88B2 /* stalk-icon-selected@3x.png in Resources */,
				4C7A3F801C7E5F0F00DC88B2 /* stalk-icon-selected@2x.png in Resources */,
				4C92F8CE1C7CEFDB006E8A37 /* dot@3x.png in Resources */,
				4C7A3F831C7E5F0F00DC88B2 /* stalk-icon@2x.png in Resources */,
				4C0981A31C7C99C000CB1B6E /* login-button.png in Resources */,
				4C7A3F7F1C7E5F0F00DC88B2 /* stalk-icon-selected.png in Resources */,
				4C09819A1C7C99C000CB1B6E /* features-icon-selected.png in Resources */,
				4C92F8C41C7CEB30006E8A37 /* outer-eye.png in Resources */,
			);
			runOnlyForDeploymentPostprocessing = 0;
		};
/* End PBXResourcesBuildPhase section */

/* Begin PBXShellScriptBuildPhase section */
		1AFD04EF3AE1F72DF0E1B8B6 /* Embed Pods Frameworks */ = {
			isa = PBXShellScriptBuildPhase;
			buildActionMask = 2147483647;
			files = (
			);
			inputPaths = (
			);
			name = "Embed Pods Frameworks";
			outputPaths = (
			);
			runOnlyForDeploymentPostprocessing = 0;
			shellPath = /bin/sh;
			shellScript = "\"${SRCROOT}/Pods/Target Support Files/Pods-Instalker/Pods-Instalker-frameworks.sh\"\n";
			showEnvVarsInLog = 0;
		};
		2A79F96C8BDDC36E1D155E41 /* Copy Pods Resources */ = {
			isa = PBXShellScriptBuildPhase;
			buildActionMask = 2147483647;
			files = (
			);
			inputPaths = (
			);
			name = "Copy Pods Resources";
			outputPaths = (
			);
			runOnlyForDeploymentPostprocessing = 0;
			shellPath = /bin/sh;
			shellScript = "\"${SRCROOT}/Pods/Target Support Files/Pods-Instalker/Pods-Instalker-resources.sh\"\n";
			showEnvVarsInLog = 0;
		};
		961AA4A39756272705C8CB9C /* Check Pods Manifest.lock */ = {
			isa = PBXShellScriptBuildPhase;
			buildActionMask = 2147483647;
			files = (
			);
			inputPaths = (
			);
			name = "Check Pods Manifest.lock";
			outputPaths = (
			);
			runOnlyForDeploymentPostprocessing = 0;
			shellPath = /bin/sh;
			shellScript = "diff \"${PODS_ROOT}/../Podfile.lock\" \"${PODS_ROOT}/Manifest.lock\" > /dev/null\nif [[ $? != 0 ]] ; then\n    cat << EOM\nerror: The sandbox is not in sync with the Podfile.lock. Run 'pod install' or update your CocoaPods installation.\nEOM\n    exit 1\nfi\n";
			showEnvVarsInLog = 0;
		};
/* End PBXShellScriptBuildPhase section */

/* Begin PBXSourcesBuildPhase section */
		4C1E924E1C54257000237AF0 /* Sources */ = {
			isa = PBXSourcesBuildPhase;
			buildActionMask = 2147483647;
			files = (
				4C67082C1C7A1B0B0077DC58 /* StatsProfileView.m in Sources */,
				4C1E925D1C54257000237AF0 /* ViewController.m in Sources */,
				4C7A3F861C7E626B00DC88B2 /* InstalkerTabBarViewController.m in Sources */,
				4C1A30271C57E21400BF721A /* FeaturesViewController.m in Sources */,
				4C3324161C8CE985007250A8 /* Meta.m in Sources */,
				4C1A302D1C57E24100BF721A /* StalkProfileViewController.m in Sources */,
				4C6708281C7A0CD80077DC58 /* UIButton.swift in Sources */,
				4CC9153C1C7B3BAF00FCBFD8 /* SearchTableViewCell.m in Sources */,
				4C71C96C1C84D04C003F59A4 /* BigImageViewController.m in Sources */,
				4C0EBDE61C849663002CF577 /* MediaViewController.m in Sources */,
				4C51E42C1C7D09F100443F8E /* LoadingViewController.m in Sources */,
				4C1A30181C56B8E500BF721A /* Singleton.m in Sources */,
				4C3324151C8CE985007250A8 /* InstagramFailModel.m in Sources */,
				4C1E925A1C54257000237AF0 /* AppDelegate.m in Sources */,
				4C1A301C1C56D0CE00BF721A /* MainViewController.m in Sources */,
				4C1A30211C57E14B00BF721A /* MyProfileViewController.m in Sources */,
				4C1D3E221C5D738100979F16 /* AsyncImageView.m in Sources */,
				4C1D3E2C1C5D7F5E00979F16 /* UserLikeTableViewCell.m in Sources */,
				4C1A30311C58111F00BF721A /* ServiceManager.m in Sources */,
				4CC785081C754A650029C17C /* UILabel.swift in Sources */,
				4C92F8C81C7CEE23006E8A37 /* UIImageView.swift in Sources */,
				4C6708301C7A354C0077DC58 /* StatsModel.m in Sources */,
				4CC785061C75487A0029C17C /* UIView.swift in Sources */,
				4C1A30241C57E1FA00BF721A /* StalkListViewController.m in Sources */,
				4C0EBDEC1C84977C002CF577 /* MediaCollectionViewCell.m in Sources */,
				4C53AADA1C5BA87100C76907 /* UserLikeCountModel.m in Sources */,
				4C1E92571C54257000237AF0 /* main.m in Sources */,
				4C0981B21C7CE52500CB1B6E /* PopUpManager.m in Sources */,
			);
			runOnlyForDeploymentPostprocessing = 0;
		};
/* End PBXSourcesBuildPhase section */

/* Begin PBXVariantGroup section */
		4C1E925E1C54257000237AF0 /* Main.storyboard */ = {
			isa = PBXVariantGroup;
			children = (
				4C1E925F1C54257000237AF0 /* Base */,
			);
			name = Main.storyboard;
			sourceTree = "<group>";
		};
/* End PBXVariantGroup section */

/* Begin XCBuildConfiguration section */
		4C1E92671C54257000237AF0 /* Debug */ = {
			isa = XCBuildConfiguration;
			buildSettings = {
				ALWAYS_SEARCH_USER_PATHS = NO;
				CLANG_CXX_LANGUAGE_STANDARD = "gnu++0x";
				CLANG_CXX_LIBRARY = "libc++";
				CLANG_ENABLE_MODULES = YES;
				CLANG_ENABLE_OBJC_ARC = YES;
				CLANG_WARN_BOOL_CONVERSION = YES;
				CLANG_WARN_CONSTANT_CONVERSION = YES;
				CLANG_WARN_DIRECT_OBJC_ISA_USAGE = YES_ERROR;
				CLANG_WARN_EMPTY_BODY = YES;
				CLANG_WARN_ENUM_CONVERSION = YES;
				CLANG_WARN_INT_CONVERSION = YES;
				CLANG_WARN_OBJC_ROOT_CLASS = YES_ERROR;
				CLANG_WARN_UNREACHABLE_CODE = YES;
				CLANG_WARN__DUPLICATE_METHOD_MATCH = YES;
				"CODE_SIGN_IDENTITY[sdk=iphoneos*]" = "iPhone Developer";
				COPY_PHASE_STRIP = NO;
				DEBUG_INFORMATION_FORMAT = dwarf;
				ENABLE_STRICT_OBJC_MSGSEND = YES;
				ENABLE_TESTABILITY = YES;
				GCC_C_LANGUAGE_STANDARD = gnu99;
				GCC_DYNAMIC_NO_PIC = NO;
				GCC_NO_COMMON_BLOCKS = YES;
				GCC_OPTIMIZATION_LEVEL = 0;
				GCC_PREPROCESSOR_DEFINITIONS = (
					"DEBUG=1",
					"$(inherited)",
				);
				GCC_WARN_64_TO_32_BIT_CONVERSION = YES;
				GCC_WARN_ABOUT_RETURN_TYPE = YES_ERROR;
				GCC_WARN_UNDECLARED_SELECTOR = YES;
				GCC_WARN_UNINITIALIZED_AUTOS = YES_AGGRESSIVE;
				GCC_WARN_UNUSED_FUNCTION = YES;
				GCC_WARN_UNUSED_VARIABLE = YES;
				IPHONEOS_DEPLOYMENT_TARGET = 9.2;
				MTL_ENABLE_DEBUG_INFO = YES;
				ONLY_ACTIVE_ARCH = YES;
				SDKROOT = iphoneos;
			};
			name = Debug;
		};
		4C1E92681C54257000237AF0 /* Release */ = {
			isa = XCBuildConfiguration;
			buildSettings = {
				ALWAYS_SEARCH_USER_PATHS = NO;
				CLANG_CXX_LANGUAGE_STANDARD = "gnu++0x";
				CLANG_CXX_LIBRARY = "libc++";
				CLANG_ENABLE_MODULES = YES;
				CLANG_ENABLE_OBJC_ARC = YES;
				CLANG_WARN_BOOL_CONVERSION = YES;
				CLANG_WARN_CONSTANT_CONVERSION = YES;
				CLANG_WARN_DIRECT_OBJC_ISA_USAGE = YES_ERROR;
				CLANG_WARN_EMPTY_BODY = YES;
				CLANG_WARN_ENUM_CONVERSION = YES;
				CLANG_WARN_INT_CONVERSION = YES;
				CLANG_WARN_OBJC_ROOT_CLASS = YES_ERROR;
				CLANG_WARN_UNREACHABLE_CODE = YES;
				CLANG_WARN__DUPLICATE_METHOD_MATCH = YES;
				"CODE_SIGN_IDENTITY[sdk=iphoneos*]" = "iPhone Developer";
				COPY_PHASE_STRIP = NO;
				DEBUG_INFORMATION_FORMAT = "dwarf-with-dsym";
				ENABLE_NS_ASSERTIONS = NO;
				ENABLE_STRICT_OBJC_MSGSEND = YES;
				GCC_C_LANGUAGE_STANDARD = gnu99;
				GCC_NO_COMMON_BLOCKS = YES;
				GCC_WARN_64_TO_32_BIT_CONVERSION = YES;
				GCC_WARN_ABOUT_RETURN_TYPE = YES_ERROR;
				GCC_WARN_UNDECLARED_SELECTOR = YES;
				GCC_WARN_UNINITIALIZED_AUTOS = YES_AGGRESSIVE;
				GCC_WARN_UNUSED_FUNCTION = YES;
				GCC_WARN_UNUSED_VARIABLE = YES;
				IPHONEOS_DEPLOYMENT_TARGET = 9.2;
				MTL_ENABLE_DEBUG_INFO = NO;
				SDKROOT = iphoneos;
				VALIDATE_PRODUCT = YES;
			};
			name = Release;
		};
		4C1E926A1C54257000237AF0 /* Debug */ = {
			isa = XCBuildConfiguration;
			baseConfigurationReference = A6F03ADC76580F226A3B2C15 /* Pods-Instalker.debug.xcconfig */;
			buildSettings = {
				ASSETCATALOG_COMPILER_APPICON_NAME = AppIcon;
				ASSETCATALOG_COMPILER_LAUNCHIMAGE_NAME = LaunchImage;
				CLANG_ENABLE_MODULES = YES;
				CODE_SIGN_IDENTITY = "iPhone Developer";
				GCC_PREFIX_HEADER = "$(SRCROOT)/Instalker/PrefixHeader.pch";
				INFOPLIST_FILE = Instalker/Info.plist;
				IPHONEOS_DEPLOYMENT_TARGET = 8.0;
				LD_RUNPATH_SEARCH_PATHS = "$(inherited) @executable_path/Frameworks";
				PRODUCT_BUNDLE_IDENTIFIER = com.smartclick.Instalker;
				PRODUCT_NAME = "$(TARGET_NAME)";
				SWIFT_OBJC_BRIDGING_HEADER = "Instalker/Instalker-Bridging-Header.h";
				SWIFT_OPTIMIZATION_LEVEL = "-Onone";
				TARGETED_DEVICE_FAMILY = 1;
			};
			name = Debug;
		};
		4C1E926B1C54257000237AF0 /* Release */ = {
			isa = XCBuildConfiguration;
			baseConfigurationReference = E196B65A2063B61F16CAC3E2 /* Pods-Instalker.release.xcconfig */;
			buildSettings = {
				ASSETCATALOG_COMPILER_APPICON_NAME = AppIcon;
				ASSETCATALOG_COMPILER_LAUNCHIMAGE_NAME = LaunchImage;
				CLANG_ENABLE_MODULES = YES;
				CODE_SIGN_IDENTITY = "iPhone Developer";
				GCC_PREFIX_HEADER = "$(SRCROOT)/Instalker/PrefixHeader.pch";
				INFOPLIST_FILE = Instalker/Info.plist;
				IPHONEOS_DEPLOYMENT_TARGET = 8.0;
				LD_RUNPATH_SEARCH_PATHS = "$(inherited) @executable_path/Frameworks";
				PRODUCT_BUNDLE_IDENTIFIER = com.smartclick.Instalker;
				PRODUCT_NAME = "$(TARGET_NAME)";
				SWIFT_OBJC_BRIDGING_HEADER = "Instalker/Instalker-Bridging-Header.h";
				TARGETED_DEVICE_FAMILY = 1;
			};
			name = Release;
		};
/* End XCBuildConfiguration section */

/* Begin XCConfigurationList section */
		4C1E924D1C54257000237AF0 /* Build configuration list for PBXProject "Instalker" */ = {
			isa = XCConfigurationList;
			buildConfigurations = (
				4C1E92671C54257000237AF0 /* Debug */,
				4C1E92681C54257000237AF0 /* Release */,
			);
			defaultConfigurationIsVisible = 0;
			defaultConfigurationName = Release;
		};
		4C1E92691C54257000237AF0 /* Build configuration list for PBXNativeTarget "Instalker" */ = {
			isa = XCConfigurationList;
			buildConfigurations = (
				4C1E926A1C54257000237AF0 /* Debug */,
				4C1E926B1C54257000237AF0 /* Release */,
			);
			defaultConfigurationIsVisible = 0;
			defaultConfigurationName = Release;
		};
/* End XCConfigurationList section */
	};
	rootObject = 4C1E924A1C54257000237AF0 /* Project object */;
}
